// !$*UTF8*$!
{
	archiveVersion = 1;
	classes = {
	};
	objectVersion = 46;
	objects = {

/* Begin PBXBuildFile section */
		3DD6574E7245BFD56D5C273A /* Pods_DreamLister.framework in Frameworks */ = {isa = PBXBuildFile; fileRef = 77741D0BE6B13E477A0A83BD /* Pods_DreamLister.framework */; };
		A1C2C5D01EFEBBF800C93D53 /* Item.swift in Sources */ = {isa = PBXBuildFile; fileRef = A1C2C5CF1EFEBBF800C93D53 /* Item.swift */; };
		A1C2C5D21EFEBE0300C93D53 /* ItemType.swift in Sources */ = {isa = PBXBuildFile; fileRef = A1C2C5D11EFEBE0300C93D53 /* ItemType.swift */; };
		A1C2C5D41EFEBE6500C93D53 /* Image.swift in Sources */ = {isa = PBXBuildFile; fileRef = A1C2C5D31EFEBE6500C93D53 /* Image.swift */; };
		A1C2C5D61EFEBF2300C93D53 /* Store.swift in Sources */ = {isa = PBXBuildFile; fileRef = A1C2C5D51EFEBF2300C93D53 /* Store.swift */; };
		A1C2C5D91EFEC9F600C93D53 /* HomeViewController.swift in Sources */ = {isa = PBXBuildFile; fileRef = A1C2C5D81EFEC9F600C93D53 /* HomeViewController.swift */; };
		A1C4C1281EC9F54900715F97 /* AppDelegate.swift in Sources */ = {isa = PBXBuildFile; fileRef = A1C4C1271EC9F54900715F97 /* AppDelegate.swift */; };
		A1C4C12F1EC9F54900715F97 /* Assets.xcassets in Resources */ = {isa = PBXBuildFile; fileRef = A1C4C12E1EC9F54900715F97 /* Assets.xcassets */; };
		A1C4C1321EC9F54900715F97 /* LaunchScreen.storyboard in Resources */ = {isa = PBXBuildFile; fileRef = A1C4C1301EC9F54900715F97 /* LaunchScreen.storyboard */; };
		A1C4C13B1ECA046800715F97 /* Model.xcdatamodeld in Sources */ = {isa = PBXBuildFile; fileRef = A1C4C1391ECA046800715F97 /* Model.xcdatamodeld */; };
		A1C4C13D1ECA048F00715F97 /* PersistanceService.swift in Sources */ = {isa = PBXBuildFile; fileRef = A1C4C13C1ECA048E00715F97 /* PersistanceService.swift */; };
		A1C4C13F1ECA0C8C00715F97 /* ManagedObject.swift in Sources */ = {isa = PBXBuildFile; fileRef = A1C4C13E1ECA0C8C00715F97 /* ManagedObject.swift */; };
		A1C4C1411ECA0CA200715F97 /* NSManagedObjectContext + Utilities.swift in Sources */ = {isa = PBXBuildFile; fileRef = A1C4C1401ECA0CA200715F97 /* NSManagedObjectContext + Utilities.swift */; };
		A1C4C1431ECA0CC300715F97 /* TableViewDataSource.swift in Sources */ = {isa = PBXBuildFile; fileRef = A1C4C1421ECA0CC300715F97 /* TableViewDataSource.swift */; };
		A1C4C1451ECA0CD100715F97 /* Managed.swift in Sources */ = {isa = PBXBuildFile; fileRef = A1C4C1441ECA0CD100715F97 /* Managed.swift */; };
		A1FE29511EFF04C900AD089F /* ItemsTableViewCell.swift in Sources */ = {isa = PBXBuildFile; fileRef = A1FE29501EFF04C900AD089F /* ItemsTableViewCell.swift */; };
		A1FE29571EFF154F00AD089F /* ItemViewModel.swift in Sources */ = {isa = PBXBuildFile; fileRef = A1FE29561EFF154F00AD089F /* ItemViewModel.swift */; };
		A1FE295E1EFF516E00AD089F /* ItemViewController.swift in Sources */ = {isa = PBXBuildFile; fileRef = A1FE295D1EFF516E00AD089F /* ItemViewController.swift */; };
/* End PBXBuildFile section */

/* Begin PBXFileReference section */
		382097A632B8EBA1847E23CE /* Pods-DreamLister.release.xcconfig */ = {isa = PBXFileReference; includeInIndex = 1; lastKnownFileType = text.xcconfig; name = "Pods-DreamLister.release.xcconfig"; path = "Pods/Target Support Files/Pods-DreamLister/Pods-DreamLister.release.xcconfig"; sourceTree = "<group>"; };
		77741D0BE6B13E477A0A83BD /* Pods_DreamLister.framework */ = {isa = PBXFileReference; explicitFileType = wrapper.framework; includeInIndex = 0; path = Pods_DreamLister.framework; sourceTree = BUILT_PRODUCTS_DIR; };
		A1C2C5CF1EFEBBF800C93D53 /* Item.swift */ = {isa = PBXFileReference; fileEncoding = 4; lastKnownFileType = sourcecode.swift; path = Item.swift; sourceTree = "<group>"; };
		A1C2C5D11EFEBE0300C93D53 /* ItemType.swift */ = {isa = PBXFileReference; fileEncoding = 4; lastKnownFileType = sourcecode.swift; path = ItemType.swift; sourceTree = "<group>"; };
		A1C2C5D31EFEBE6500C93D53 /* Image.swift */ = {isa = PBXFileReference; fileEncoding = 4; lastKnownFileType = sourcecode.swift; path = Image.swift; sourceTree = "<group>"; };
		A1C2C5D51EFEBF2300C93D53 /* Store.swift */ = {isa = PBXFileReference; fileEncoding = 4; lastKnownFileType = sourcecode.swift; path = Store.swift; sourceTree = "<group>"; };
		A1C2C5D81EFEC9F600C93D53 /* HomeViewController.swift */ = {isa = PBXFileReference; fileEncoding = 4; lastKnownFileType = sourcecode.swift; path = HomeViewController.swift; sourceTree = "<group>"; };
		A1C4C1241EC9F54900715F97 /* DreamLister.app */ = {isa = PBXFileReference; explicitFileType = wrapper.application; includeInIndex = 0; path = DreamLister.app; sourceTree = BUILT_PRODUCTS_DIR; };
		A1C4C1271EC9F54900715F97 /* AppDelegate.swift */ = {isa = PBXFileReference; lastKnownFileType = sourcecode.swift; path = AppDelegate.swift; sourceTree = "<group>"; };
		A1C4C12E1EC9F54900715F97 /* Assets.xcassets */ = {isa = PBXFileReference; lastKnownFileType = folder.assetcatalog; path = Assets.xcassets; sourceTree = "<group>"; };
		A1C4C1311EC9F54900715F97 /* Base */ = {isa = PBXFileReference; lastKnownFileType = file.storyboard; name = Base; path = Base.lproj/LaunchScreen.storyboard; sourceTree = "<group>"; };
		A1C4C1331EC9F54900715F97 /* Info.plist */ = {isa = PBXFileReference; lastKnownFileType = text.plist.xml; path = Info.plist; sourceTree = "<group>"; };
		A1C4C13A1ECA046800715F97 /* Model.xcdatamodel */ = {isa = PBXFileReference; lastKnownFileType = wrapper.xcdatamodel; path = Model.xcdatamodel; sourceTree = "<group>"; };
		A1C4C13C1ECA048E00715F97 /* PersistanceService.swift */ = {isa = PBXFileReference; fileEncoding = 4; lastKnownFileType = sourcecode.swift; path = PersistanceService.swift; sourceTree = "<group>"; };
		A1C4C13E1ECA0C8C00715F97 /* ManagedObject.swift */ = {isa = PBXFileReference; fileEncoding = 4; lastKnownFileType = sourcecode.swift; path = ManagedObject.swift; sourceTree = "<group>"; };
		A1C4C1401ECA0CA200715F97 /* NSManagedObjectContext + Utilities.swift */ = {isa = PBXFileReference; fileEncoding = 4; lastKnownFileType = sourcecode.swift; path = "NSManagedObjectContext + Utilities.swift"; sourceTree = "<group>"; };
		A1C4C1421ECA0CC300715F97 /* TableViewDataSource.swift */ = {isa = PBXFileReference; fileEncoding = 4; lastKnownFileType = sourcecode.swift; path = TableViewDataSource.swift; sourceTree = "<group>"; };
		A1C4C1441ECA0CD100715F97 /* Managed.swift */ = {isa = PBXFileReference; fileEncoding = 4; lastKnownFileType = sourcecode.swift; path = Managed.swift; sourceTree = "<group>"; };
		A1FE29501EFF04C900AD089F /* ItemsTableViewCell.swift */ = {isa = PBXFileReference; fileEncoding = 4; lastKnownFileType = sourcecode.swift; path = ItemsTableViewCell.swift; sourceTree = "<group>"; };
		A1FE29561EFF154F00AD089F /* ItemViewModel.swift */ = {isa = PBXFileReference; fileEncoding = 4; lastKnownFileType = sourcecode.swift; path = ItemViewModel.swift; sourceTree = "<group>"; };
		A1FE295D1EFF516E00AD089F /* ItemViewController.swift */ = {isa = PBXFileReference; fileEncoding = 4; lastKnownFileType = sourcecode.swift; path = ItemViewController.swift; sourceTree = "<group>"; };
		E5C5120771438B338068982E /* Pods-DreamLister.debug.xcconfig */ = {isa = PBXFileReference; includeInIndex = 1; lastKnownFileType = text.xcconfig; name = "Pods-DreamLister.debug.xcconfig"; path = "Pods/Target Support Files/Pods-DreamLister/Pods-DreamLister.debug.xcconfig"; sourceTree = "<group>"; };
/* End PBXFileReference section */

/* Begin PBXFrameworksBuildPhase section */
		A1C4C1211EC9F54900715F97 /* Frameworks */ = {
			isa = PBXFrameworksBuildPhase;
			buildActionMask = 2147483647;
			files = (
				3DD6574E7245BFD56D5C273A /* Pods_DreamLister.framework in Frameworks */,
			);
			runOnlyForDeploymentPostprocessing = 0;
		};
/* End PBXFrameworksBuildPhase section */

/* Begin PBXGroup section */
		A1C2C5CE1EFEBBD500C93D53 /* DataModel */ = {
			isa = PBXGroup;
			children = (
				A1C2C5CF1EFEBBF800C93D53 /* Item.swift */,
				A1C2C5D11EFEBE0300C93D53 /* ItemType.swift */,
				A1C2C5D31EFEBE6500C93D53 /* Image.swift */,
				A1C2C5D51EFEBF2300C93D53 /* Store.swift */,
			);
			name = DataModel;
			sourceTree = "<group>";
		};
		A1C2C5D71EFEC9B800C93D53 /* Views */ = {
			isa = PBXGroup;
			children = (
				A1FE29531EFF0ED800AD089F /* ModelView */,
				A1FE294F1EFF046D00AD089F /* Cells */,
				A1C2C5D81EFEC9F600C93D53 /* HomeViewController.swift */,
				A1FE295D1EFF516E00AD089F /* ItemViewController.swift */,
			);
			name = Views;
			sourceTree = "<group>";
		};
		A1C4C11B1EC9F54900715F97 = {
			isa = PBXGroup;
			children = (
				A1C4C1261EC9F54900715F97 /* DreamLister */,
				A1C4C1251EC9F54900715F97 /* Products */,
				DC1C7F52B1EE9FB37F28147A /* Pods */,
				C1A7EB10EC20F69BEC13ED84 /* Frameworks */,
			);
			sourceTree = "<group>";
		};
		A1C4C1251EC9F54900715F97 /* Products */ = {
			isa = PBXGroup;
			children = (
				A1C4C1241EC9F54900715F97 /* DreamLister.app */,
			);
			name = Products;
			sourceTree = "<group>";
		};
		A1C4C1261EC9F54900715F97 /* DreamLister */ = {
			isa = PBXGroup;
			children = (
				A1C2C5D71EFEC9B800C93D53 /* Views */,
				A1C4C1461ECA0CD600715F97 /* CoreData */,
				A1C4C1271EC9F54900715F97 /* AppDelegate.swift */,
				A1FE295C1EFF1F5700AD089F /* Resources */,
			);
			path = DreamLister;
			sourceTree = "<group>";
		};
		A1C4C1461ECA0CD600715F97 /* CoreData */ = {
			isa = PBXGroup;
			children = (
				A1C2C5CE1EFEBBD500C93D53 /* DataModel */,
				A1FE29521EFF0CA300AD089F /* CoreData Utilities */,
				A1C4C1391ECA046800715F97 /* Model.xcdatamodeld */,
			);
			name = CoreData;
			sourceTree = "<group>";
		};
		A1FE294F1EFF046D00AD089F /* Cells */ = {
			isa = PBXGroup;
			children = (
				A1FE29501EFF04C900AD089F /* ItemsTableViewCell.swift */,
			);
			name = Cells;
			sourceTree = "<group>";
		};
		A1FE29521EFF0CA300AD089F /* CoreData Utilities */ = {
			isa = PBXGroup;
			children = (
				A1C4C13E1ECA0C8C00715F97 /* ManagedObject.swift */,
				A1C4C1401ECA0CA200715F97 /* NSManagedObjectContext + Utilities.swift */,
				A1C4C13C1ECA048E00715F97 /* PersistanceService.swift */,
				A1C4C1441ECA0CD100715F97 /* Managed.swift */,
				A1C4C1421ECA0CC300715F97 /* TableViewDataSource.swift */,
			);
			name = "CoreData Utilities";
			sourceTree = "<group>";
		};
		A1FE29531EFF0ED800AD089F /* ModelView */ = {
			isa = PBXGroup;
			children = (
				A1FE29561EFF154F00AD089F /* ItemViewModel.swift */,
			);
			name = ModelView;
			sourceTree = "<group>";
		};
		A1FE295C1EFF1F5700AD089F /* Resources */ = {
			isa = PBXGroup;
			children = (
				A1C4C12E1EC9F54900715F97 /* Assets.xcassets */,
				A1C4C1301EC9F54900715F97 /* LaunchScreen.storyboard */,
				A1C4C1331EC9F54900715F97 /* Info.plist */,
			);
			name = Resources;
			sourceTree = "<group>";
		};
		C1A7EB10EC20F69BEC13ED84 /* Frameworks */ = {
			isa = PBXGroup;
			children = (
				77741D0BE6B13E477A0A83BD /* Pods_DreamLister.framework */,
			);
			name = Frameworks;
			sourceTree = "<group>";
		};
		DC1C7F52B1EE9FB37F28147A /* Pods */ = {
			isa = PBXGroup;
			children = (
				E5C5120771438B338068982E /* Pods-DreamLister.debug.xcconfig */,
				382097A632B8EBA1847E23CE /* Pods-DreamLister.release.xcconfig */,
			);
			name = Pods;
			sourceTree = "<group>";
		};
/* End PBXGroup section */

/* Begin PBXNativeTarget section */
		A1C4C1231EC9F54900715F97 /* DreamLister */ = {
			isa = PBXNativeTarget;
			buildConfigurationList = A1C4C1361EC9F54900715F97 /* Build configuration list for PBXNativeTarget "DreamLister" */;
			buildPhases = (
				92D083F45AD48F96A2CC2E42 /* [CP] Check Pods Manifest.lock */,
				A1C4C1201EC9F54900715F97 /* Sources */,
				A1C4C1211EC9F54900715F97 /* Frameworks */,
				A1C4C1221EC9F54900715F97 /* Resources */,
				191BBDD9B6651E460F031B46 /* [CP] Embed Pods Frameworks */,
				01A74706F21F1B31862C3323 /* [CP] Copy Pods Resources */,
			);
			buildRules = (
			);
			dependencies = (
			);
			name = DreamLister;
			productName = DreamLister;
			productReference = A1C4C1241EC9F54900715F97 /* DreamLister.app */;
			productType = "com.apple.product-type.application";
		};
/* End PBXNativeTarget section */

/* Begin PBXProject section */
		A1C4C11C1EC9F54900715F97 /* Project object */ = {
			isa = PBXProject;
			attributes = {
				LastSwiftUpdateCheck = 0830;
				LastUpgradeCheck = 0830;
				ORGANIZATIONNAME = luka;
				TargetAttributes = {
					A1C4C1231EC9F54900715F97 = {
						CreatedOnToolsVersion = 8.3.2;
						ProvisioningStyle = Automatic;
					};
				};
			};
			buildConfigurationList = A1C4C11F1EC9F54900715F97 /* Build configuration list for PBXProject "DreamLister" */;
			compatibilityVersion = "Xcode 3.2";
			developmentRegion = English;
			hasScannedForEncodings = 0;
			knownRegions = (
				en,
				Base,
			);
			mainGroup = A1C4C11B1EC9F54900715F97;
			productRefGroup = A1C4C1251EC9F54900715F97 /* Products */;
			projectDirPath = "";
			projectRoot = "";
			targets = (
				A1C4C1231EC9F54900715F97 /* DreamLister */,
			);
		};
/* End PBXProject section */

/* Begin PBXResourcesBuildPhase section */
		A1C4C1221EC9F54900715F97 /* Resources */ = {
			isa = PBXResourcesBuildPhase;
			buildActionMask = 2147483647;
			files = (
				A1C4C1321EC9F54900715F97 /* LaunchScreen.storyboard in Resources */,
				A1C4C12F1EC9F54900715F97 /* Assets.xcassets in Resources */,
			);
			runOnlyForDeploymentPostprocessing = 0;
		};
/* End PBXResourcesBuildPhase section */

/* Begin PBXShellScriptBuildPhase section */
		01A74706F21F1B31862C3323 /* [CP] Copy Pods Resources */ = {
			isa = PBXShellScriptBuildPhase;
			buildActionMask = 2147483647;
			files = (
			);
			inputPaths = (
			);
			name = "[CP] Copy Pods Resources";
			outputPaths = (
			);
			runOnlyForDeploymentPostprocessing = 0;
			shellPath = /bin/sh;
			shellScript = "\"${SRCROOT}/Pods/Target Support Files/Pods-DreamLister/Pods-DreamLister-resources.sh\"\n";
			showEnvVarsInLog = 0;
		};
		191BBDD9B6651E460F031B46 /* [CP] Embed Pods Frameworks */ = {
			isa = PBXShellScriptBuildPhase;
			buildActionMask = 2147483647;
			files = (
			);
			inputPaths = (
			);
			name = "[CP] Embed Pods Frameworks";
			outputPaths = (
			);
			runOnlyForDeploymentPostprocessing = 0;
			shellPath = /bin/sh;
			shellScript = "\"${SRCROOT}/Pods/Target Support Files/Pods-DreamLister/Pods-DreamLister-frameworks.sh\"\n";
			showEnvVarsInLog = 0;
		};
		92D083F45AD48F96A2CC2E42 /* [CP] Check Pods Manifest.lock */ = {
			isa = PBXShellScriptBuildPhase;
			buildActionMask = 2147483647;
			files = (
			);
			inputPaths = (
			);
			name = "[CP] Check Pods Manifest.lock";
			outputPaths = (
			);
			runOnlyForDeploymentPostprocessing = 0;
			shellPath = /bin/sh;
			shellScript = "diff \"${PODS_ROOT}/../Podfile.lock\" \"${PODS_ROOT}/Manifest.lock\" > /dev/null\nif [ $? != 0 ] ; then\n    # print error to STDERR\n    echo \"error: The sandbox is not in sync with the Podfile.lock. Run 'pod install' or update your CocoaPods installation.\" >&2\n    exit 1\nfi\n";
			showEnvVarsInLog = 0;
		};
/* End PBXShellScriptBuildPhase section */

/* Begin PBXSourcesBuildPhase section */
		A1C4C1201EC9F54900715F97 /* Sources */ = {
			isa = PBXSourcesBuildPhase;
			buildActionMask = 2147483647;
			files = (
				A1C2C5D01EFEBBF800C93D53 /* Item.swift in Sources */,
				A1C2C5D21EFEBE0300C93D53 /* ItemType.swift in Sources */,
				A1FE295E1EFF516E00AD089F /* ItemViewController.swift in Sources */,
				A1C2C5D61EFEBF2300C93D53 /* Store.swift in Sources */,
				A1C4C13D1ECA048F00715F97 /* PersistanceService.swift in Sources */,
				A1C4C13F1ECA0C8C00715F97 /* ManagedObject.swift in Sources */,
				A1C4C1281EC9F54900715F97 /* AppDelegate.swift in Sources */,
				A1C4C1411ECA0CA200715F97 /* NSManagedObjectContext + Utilities.swift in Sources */,
				A1FE29571EFF154F00AD089F /* ItemViewModel.swift in Sources */,
				A1C4C1451ECA0CD100715F97 /* Managed.swift in Sources */,
				A1C4C1431ECA0CC300715F97 /* TableViewDataSource.swift in Sources */,
				A1FE29511EFF04C900AD089F /* ItemsTableViewCell.swift in Sources */,
				A1C2C5D41EFEBE6500C93D53 /* Image.swift in Sources */,
				A1C2C5D91EFEC9F600C93D53 /* HomeViewController.swift in Sources */,
				A1C4C13B1ECA046800715F97 /* Model.xcdatamodeld in Sources */,
			);
			runOnlyForDeploymentPostprocessing = 0;
		};
/* End PBXSourcesBuildPhase section */

/* Begin PBXVariantGroup section */
		A1C4C1301EC9F54900715F97 /* LaunchScreen.storyboard */ = {
			isa = PBXVariantGroup;
			children = (
				A1C4C1311EC9F54900715F97 /* Base */,
			);
			name = LaunchScreen.storyboard;
			sourceTree = "<group>";
		};
/* End PBXVariantGroup section */

/* Begin XCBuildConfiguration section */
		A1C4C1341EC9F54900715F97 /* Debug */ = {
			isa = XCBuildConfiguration;
			buildSettings = {
				ALWAYS_SEARCH_USER_PATHS = NO;
				CLANG_ANALYZER_NONNULL = YES;
				CLANG_ANALYZER_NUMBER_OBJECT_CONVERSION = YES_AGGRESSIVE;
				CLANG_CXX_LANGUAGE_STANDARD = "gnu++0x";
				CLANG_CXX_LIBRARY = "libc++";
				CLANG_ENABLE_MODULES = YES;
				CLANG_ENABLE_OBJC_ARC = YES;
				CLANG_WARN_BOOL_CONVERSION = YES;
				CLANG_WARN_CONSTANT_CONVERSION = YES;
				CLANG_WARN_DIRECT_OBJC_ISA_USAGE = YES_ERROR;
				CLANG_WARN_DOCUMENTATION_COMMENTS = YES;
				CLANG_WARN_EMPTY_BODY = YES;
				CLANG_WARN_ENUM_CONVERSION = YES;
				CLANG_WARN_INFINITE_RECURSION = YES;
				CLANG_WARN_INT_CONVERSION = YES;
				CLANG_WARN_OBJC_ROOT_CLASS = YES_ERROR;
				CLANG_WARN_SUSPICIOUS_MOVE = YES;
				CLANG_WARN_UNREACHABLE_CODE = YES;
				CLANG_WARN__DUPLICATE_METHOD_MATCH = YES;
				"CODE_SIGN_IDENTITY[sdk=iphoneos*]" = "iPhone Developer";
				COPY_PHASE_STRIP = NO;
				DEBUG_INFORMATION_FORMAT = dwarf;
				ENABLE_STRICT_OBJC_MSGSEND = YES;
				ENABLE_TESTABILITY = YES;
				GCC_C_LANGUAGE_STANDARD = gnu99;
				GCC_DYNAMIC_NO_PIC = NO;
				GCC_NO_COMMON_BLOCKS = YES;
				GCC_OPTIMIZATION_LEVEL = 0;
				GCC_PREPROCESSOR_DEFINITIONS = (
					"DEBUG=1",
					"$(inherited)",
				);
				GCC_WARN_64_TO_32_BIT_CONVERSION = YES;
				GCC_WARN_ABOUT_RETURN_TYPE = YES_ERROR;
				GCC_WARN_UNDECLARED_SELECTOR = YES;
				GCC_WARN_UNINITIALIZED_AUTOS = YES_AGGRESSIVE;
				GCC_WARN_UNUSED_FUNCTION = YES;
				GCC_WARN_UNUSED_VARIABLE = YES;
				IPHONEOS_DEPLOYMENT_TARGET = 10.3;
				MTL_ENABLE_DEBUG_INFO = YES;
				ONLY_ACTIVE_ARCH = YES;
				SDKROOT = iphoneos;
				SWIFT_ACTIVE_COMPILATION_CONDITIONS = DEBUG;
				SWIFT_OPTIMIZATION_LEVEL = "-Onone";
				TARGETED_DEVICE_FAMILY = "1,2";
			};
			name = Debug;
		};
		A1C4C1351EC9F54900715F97 /* Release */ = {
			isa = XCBuildConfiguration;
			buildSettings = {
				ALWAYS_SEARCH_USER_PATHS = NO;
				CLANG_ANALYZER_NONNULL = YES;
				CLANG_ANALYZER_NUMBER_OBJECT_CONVERSION = YES_AGGRESSIVE;
				CLANG_CXX_LANGUAGE_STANDARD = "gnu++0x";
				CLANG_CXX_LIBRARY = "libc++";
				CLANG_ENABLE_MODULES = YES;
				CLANG_ENABLE_OBJC_ARC = YES;
				CLANG_WARN_BOOL_CONVERSION = YES;
				CLANG_WARN_CONSTANT_CONVERSION = YES;
				CLANG_WARN_DIRECT_OBJC_ISA_USAGE = YES_ERROR;
				CLANG_WARN_DOCUMENTATION_COMMENTS = YES;
				CLANG_WARN_EMPTY_BODY = YES;
				CLANG_WARN_ENUM_CONVERSION = YES;
				CLANG_WARN_INFINITE_RECURSION = YES;
				CLANG_WARN_INT_CONVERSION = YES;
				CLANG_WARN_OBJC_ROOT_CLASS = YES_ERROR;
				CLANG_WARN_SUSPICIOUS_MOVE = YES;
				CLANG_WARN_UNREACHABLE_CODE = YES;
				CLANG_WARN__DUPLICATE_METHOD_MATCH = YES;
				"CODE_SIGN_IDENTITY[sdk=iphoneos*]" = "iPhone Developer";
				COPY_PHASE_STRIP = NO;
				DEBUG_INFORMATION_FORMAT = "dwarf-with-dsym";
				ENABLE_NS_ASSERTIONS = NO;
				ENABLE_STRICT_OBJC_MSGSEND = YES;
				GCC_C_LANGUAGE_STANDARD = gnu99;
				GCC_NO_COMMON_BLOCKS = YES;
				GCC_WARN_64_TO_32_BIT_CONVERSION = YES;
				GCC_WARN_ABOUT_RETURN_TYPE = YES_ERROR;
				GCC_WARN_UNDECLARED_SELECTOR = YES;
				GCC_WARN_UNINITIALIZED_AUTOS = YES_AGGRESSIVE;
				GCC_WARN_UNUSED_FUNCTION = YES;
				GCC_WARN_UNUSED_VARIABLE = YES;
				IPHONEOS_DEPLOYMENT_TARGET = 10.3;
				MTL_ENABLE_DEBUG_INFO = NO;
				SDKROOT = iphoneos;
				SWIFT_OPTIMIZATION_LEVEL = "-Owholemodule";
				TARGETED_DEVICE_FAMILY = "1,2";
				VALIDATE_PRODUCT = YES;
			};
			name = Release;
		};
		A1C4C1371EC9F54900715F97 /* Debug */ = {
			isa = XCBuildConfiguration;
			baseConfigurationReference = E5C5120771438B338068982E /* Pods-DreamLister.debug.xcconfig */;
			buildSettings = {
				DEVELOPMENT_TEAM = "";
				INFOPLIST_FILE = DreamLister/Info.plist;
				LD_RUNPATH_SEARCH_PATHS = "$(inherited) @executable_path/Frameworks";
				PRODUCT_BUNDLE_IDENTIFIER = luka.DreamLister;
				PRODUCT_NAME = "$(TARGET_NAME)";
				SWIFT_VERSION = 3.0;
			};
			name = Debug;
		};
		A1C4C1381EC9F54900715F97 /* Release */ = {
			isa = XCBuildConfiguration;
			baseConfigurationReference = 382097A632B8EBA1847E23CE /* Pods-DreamLister.release.xcconfig */;
			buildSettings = {
				DEVELOPMENT_TEAM = "";
				INFOPLIST_FILE = DreamLister/Info.plist;
				LD_RUNPATH_SEARCH_PATHS = "$(inherited) @executable_path/Frameworks";
				PRODUCT_BUNDLE_IDENTIFIER = luka.DreamLister;
				PRODUCT_NAME = "$(TARGET_NAME)";
				SWIFT_VERSION = 3.0;
			};
			name = Release;
		};
/* End XCBuildConfiguration section */

/* Begin XCConfigurationList section */
		A1C4C11F1EC9F54900715F97 /* Build configuration list for PBXProject "DreamLister" */ = {
			isa = XCConfigurationList;
			buildConfigurations = (
				A1C4C1341EC9F54900715F97 /* Debug */,
				A1C4C1351EC9F54900715F97 /* Release */,
			);
			defaultConfigurationIsVisible = 0;
			defaultConfigurationName = Release;
		};
		A1C4C1361EC9F54900715F97 /* Build configuration list for PBXNativeTarget "DreamLister" */ = {
			isa = XCConfigurationList;
			buildConfigurations = (
				A1C4C1371EC9F54900715F97 /* Debug */,
				A1C4C1381EC9F54900715F97 /* Release */,
			);
			defaultConfigurationIsVisible = 0;
			defaultConfigurationName = Release;
		};
/* End XCConfigurationList section */

/* Begin XCVersionGroup section */
		A1C4C1391ECA046800715F97 /* Model.xcdatamodeld */ = {
			isa = XCVersionGroup;
			children = (
				A1C4C13A1ECA046800715F97 /* Model.xcdatamodel */,
			);
			currentVersion = A1C4C13A1ECA046800715F97 /* Model.xcdatamodel */;
			path = Model.xcdatamodeld;
			sourceTree = "<group>";
			versionGroupType = wrapper.xcdatamodel;
		};
/* End XCVersionGroup section */
	};
	rootObject = A1C4C11C1EC9F54900715F97 /* Project object */;
}
